
Microsoft Visual Studio Solution File, Format Version 12.00
# Visual Studio Version 16
VisualStudioVersion = 16.0.32901.82
MinimumVisualStudioVersion = 10.0.40219.1
Project("{FAE04EC0-301F-11D3-BF4B-00C04F79EFBC}") = "PetApp.WebUI", "PetApp.WebUI\PetApp.WebUI.csproj", "{479C3F91-EC54-4C5F-B3C2-A1F0AEDF8188}"
EndProject
Project("{FAE04EC0-301F-11D3-BF4B-00C04F79EFBC}") = "PetApp.Entity", "PetApp.Entity\PetApp.Entity.csproj", "{DD27FBF9-F15B-41F2-8B44-5AAA9C3EA2EA}"
EndProject
Global
	GlobalSection(SolutionConfigurationPlatforms) = preSolution
		Debug|Any CPU = Debug|Any CPU
		Release|Any CPU = Release|Any CPU
	EndGlobalSection
	GlobalSection(ProjectConfigurationPlatforms) = postSolution
		{479C3F91-EC54-4C5F-B3C2-A1F0AEDF8188}.Debug|Any CPU.ActiveCfg = Debug|Any CPU
		{479C3F91-EC54-4C5F-B3C2-A1F0AEDF8188}.Debug|Any CPU.Build.0 = Debug|Any CPU
		{479C3F91-EC54-4C5F-B3C2-A1F0AEDF8188}.Release|Any CPU.ActiveCfg = Release|Any CPU
		{479C3F91-EC54-4C5F-B3C2-A1F0AEDF8188}.Release|Any CPU.Build.0 = Release|Any CPU
		{DD27FBF9-F15B-41F2-8B44-5AAA9C3EA2EA}.Debug|Any CPU.ActiveCfg = Debug|Any CPU
		{DD27FBF9-F15B-41F2-8B44-5AAA9C3EA2EA}.Debug|Any CPU.Build.0 = Debug|Any CPU
		{DD27FBF9-F15B-41F2-8B44-5AAA9C3EA2EA}.Release|Any CPU.ActiveCfg = Release|Any CPU
		{DD27FBF9-F15B-41F2-8B44-5AAA9C3EA2EA}.Release|Any CPU.Build.0 = Release|Any CPU
	EndGlobalSection
	GlobalSection(SolutionProperties) = preSolution
		HideSolutionNode = FALSE
	EndGlobalSection
	GlobalSection(ExtensibilityGlobals) = postSolution
		SolutionGuid = {59E3526A-5943-424F-9F71-00A96DEBA25E}
	EndGlobalSection
EndGlobal
